// !$*UTF8*$!
{
	archiveVersion = 1;
	classes = {
	};
	objectVersion = 55;
	objects = {

/* Begin PBXBuildFile section */
		B315106E2841127500299415 /* MainView.swift in Sources */ = {isa = PBXBuildFile; fileRef = B315106D2841127500299415 /* MainView.swift */; };
		B315D8362843D0310012628A /* ImageList.swift in Sources */ = {isa = PBXBuildFile; fileRef = B315D8352843D0310012628A /* ImageList.swift */; };
		B34ABE9128443EFB00F22379 /* Downloader.swift in Sources */ = {isa = PBXBuildFile; fileRef = B34ABE9028443EFB00F22379 /* Downloader.swift */; };
		B3A55E15284197FE00FD6930 /* RemoteImageView.swift in Sources */ = {isa = PBXBuildFile; fileRef = B3A55E14284197FE00FD6930 /* RemoteImageView.swift */; };
		B3BB2FAC283E7B3A00F3E336 /* BushelApp.swift in Sources */ = {isa = PBXBuildFile; fileRef = B3BB2FAB283E7B3A00F3E336 /* BushelApp.swift */; };
		B3BB2FAE283E7B3A00F3E336 /* ContentView.swift in Sources */ = {isa = PBXBuildFile; fileRef = B3BB2FAD283E7B3A00F3E336 /* ContentView.swift */; };
		B3BB2FB0283E7B3B00F3E336 /* Assets.xcassets in Resources */ = {isa = PBXBuildFile; fileRef = B3BB2FAF283E7B3B00F3E336 /* Assets.xcassets */; };
		B3BB2FB3283E7B3B00F3E336 /* Preview Assets.xcassets in Resources */ = {isa = PBXBuildFile; fileRef = B3BB2FB2283E7B3B00F3E336 /* Preview Assets.xcassets */; };
		B3BB2FF6283FB62D00F3E336 /* Bushel_downloadApp.swift in Sources */ = {isa = PBXBuildFile; fileRef = B3BB2FF5283FB62D00F3E336 /* Bushel_downloadApp.swift */; };
		B3BB2FF8283FB62D00F3E336 /* ContentView.swift in Sources */ = {isa = PBXBuildFile; fileRef = B3BB2FF7283FB62D00F3E336 /* ContentView.swift */; };
		B3BB2FFA283FB62E00F3E336 /* Assets.xcassets in Resources */ = {isa = PBXBuildFile; fileRef = B3BB2FF9283FB62E00F3E336 /* Assets.xcassets */; };
		B3BB2FFD283FB62E00F3E336 /* Preview Assets.xcassets in Resources */ = {isa = PBXBuildFile; fileRef = B3BB2FFC283FB62E00F3E336 /* Preview Assets.xcassets */; };
/* End PBXBuildFile section */

/* Begin PBXFileReference section */
		B315106D2841127500299415 /* MainView.swift */ = {isa = PBXFileReference; lastKnownFileType = sourcecode.swift; path = MainView.swift; sourceTree = "<group>"; };
		B315D8352843D0310012628A /* ImageList.swift */ = {isa = PBXFileReference; lastKnownFileType = sourcecode.swift; path = ImageList.swift; sourceTree = "<group>"; };
		B34ABE9028443EFB00F22379 /* Downloader.swift */ = {isa = PBXFileReference; lastKnownFileType = sourcecode.swift; path = Downloader.swift; sourceTree = "<group>"; };
		B3A55E14284197FE00FD6930 /* RemoteImageView.swift */ = {isa = PBXFileReference; lastKnownFileType = sourcecode.swift; path = RemoteImageView.swift; sourceTree = "<group>"; };
		B3BB2FA8283E7B3A00F3E336 /* Bushel.app */ = {isa = PBXFileReference; explicitFileType = wrapper.application; includeInIndex = 0; path = Bushel.app; sourceTree = BUILT_PRODUCTS_DIR; };
		B3BB2FAB283E7B3A00F3E336 /* BushelApp.swift */ = {isa = PBXFileReference; lastKnownFileType = sourcecode.swift; path = BushelApp.swift; sourceTree = "<group>"; };
		B3BB2FAD283E7B3A00F3E336 /* ContentView.swift */ = {isa = PBXFileReference; lastKnownFileType = sourcecode.swift; path = ContentView.swift; sourceTree = "<group>"; };
		B3BB2FAF283E7B3B00F3E336 /* Assets.xcassets */ = {isa = PBXFileReference; lastKnownFileType = folder.assetcatalog; path = Assets.xcassets; sourceTree = "<group>"; };
		B3BB2FB2283E7B3B00F3E336 /* Preview Assets.xcassets */ = {isa = PBXFileReference; lastKnownFileType = folder.assetcatalog; path = "Preview Assets.xcassets"; sourceTree = "<group>"; };
		B3BB2FB4283E7B3B00F3E336 /* Bushel.entitlements */ = {isa = PBXFileReference; lastKnownFileType = text.plist.entitlements; path = Bushel.entitlements; sourceTree = "<group>"; };
		B3BB2FF3283FB62D00F3E336 /* Bushel-download.app */ = {isa = PBXFileReference; explicitFileType = wrapper.application; includeInIndex = 0; path = "Bushel-download.app"; sourceTree = BUILT_PRODUCTS_DIR; };
		B3BB2FF5283FB62D00F3E336 /* Bushel_downloadApp.swift */ = {isa = PBXFileReference; lastKnownFileType = sourcecode.swift; path = Bushel_downloadApp.swift; sourceTree = "<group>"; };
		B3BB2FF7283FB62D00F3E336 /* ContentView.swift */ = {isa = PBXFileReference; lastKnownFileType = sourcecode.swift; path = ContentView.swift; sourceTree = "<group>"; };
		B3BB2FF9283FB62E00F3E336 /* Assets.xcassets */ = {isa = PBXFileReference; lastKnownFileType = folder.assetcatalog; path = Assets.xcassets; sourceTree = "<group>"; };
		B3BB2FFC283FB62E00F3E336 /* Preview Assets.xcassets */ = {isa = PBXFileReference; lastKnownFileType = folder.assetcatalog; path = "Preview Assets.xcassets"; sourceTree = "<group>"; };
		B3BB2FFE283FB62E00F3E336 /* Bushel_download.entitlements */ = {isa = PBXFileReference; lastKnownFileType = text.plist.entitlements; path = Bushel_download.entitlements; sourceTree = "<group>"; };
/* End PBXFileReference section */

/* Begin PBXFrameworksBuildPhase section */
		B3BB2FA5283E7B3A00F3E336 /* Frameworks */ = {
			isa = PBXFrameworksBuildPhase;
			buildActionMask = 2147483647;
			files = (
			);
			runOnlyForDeploymentPostprocessing = 0;
		};
		B3BB2FF0283FB62D00F3E336 /* Frameworks */ = {
			isa = PBXFrameworksBuildPhase;
			buildActionMask = 2147483647;
			files = (
			);
			runOnlyForDeploymentPostprocessing = 0;
		};
/* End PBXFrameworksBuildPhase section */

/* Begin PBXGroup section */
		B3BB2F9F283E7B3A00F3E336 = {
			isa = PBXGroup;
			children = (
				B3BB2FAA283E7B3A00F3E336 /* Bushel */,
				B3BB2FF4283FB62D00F3E336 /* Bushel-download */,
				B3BB2FA9283E7B3A00F3E336 /* Products */,
			);
			sourceTree = "<group>";
		};
		B3BB2FA9283E7B3A00F3E336 /* Products */ = {
			isa = PBXGroup;
			children = (
				B3BB2FA8283E7B3A00F3E336 /* Bushel.app */,
				B3BB2FF3283FB62D00F3E336 /* Bushel-download.app */,
			);
			name = Products;
			sourceTree = "<group>";
		};
		B3BB2FAA283E7B3A00F3E336 /* Bushel */ = {
			isa = PBXGroup;
			children = (
				B3BB2FAB283E7B3A00F3E336 /* BushelApp.swift */,
				B3BB2FAD283E7B3A00F3E336 /* ContentView.swift */,
				B3BB2FAF283E7B3B00F3E336 /* Assets.xcassets */,
				B3BB2FB4283E7B3B00F3E336 /* Bushel.entitlements */,
				B3BB2FB1283E7B3B00F3E336 /* Preview Content */,
				B315106D2841127500299415 /* MainView.swift */,
				B3A55E14284197FE00FD6930 /* RemoteImageView.swift */,
				B315D8352843D0310012628A /* ImageList.swift */,
				B34ABE9028443EFB00F22379 /* Downloader.swift */,
			);
			path = Bushel;
			sourceTree = "<group>";
		};
		B3BB2FB1283E7B3B00F3E336 /* Preview Content */ = {
			isa = PBXGroup;
			children = (
				B3BB2FB2283E7B3B00F3E336 /* Preview Assets.xcassets */,
			);
			path = "Preview Content";
			sourceTree = "<group>";
		};
		B3BB2FF4283FB62D00F3E336 /* Bushel-download */ = {
			isa = PBXGroup;
			children = (
				B3BB2FF5283FB62D00F3E336 /* Bushel_downloadApp.swift */,
				B3BB2FF7283FB62D00F3E336 /* ContentView.swift */,
				B3BB2FF9283FB62E00F3E336 /* Assets.xcassets */,
				B3BB2FFE283FB62E00F3E336 /* Bushel_download.entitlements */,
				B3BB2FFB283FB62E00F3E336 /* Preview Content */,
			);
			path = "Bushel-download";
			sourceTree = "<group>";
		};
		B3BB2FFB283FB62E00F3E336 /* Preview Content */ = {
			isa = PBXGroup;
			children = (
				B3BB2FFC283FB62E00F3E336 /* Preview Assets.xcassets */,
			);
			path = "Preview Content";
			sourceTree = "<group>";
		};
/* End PBXGroup section */

/* Begin PBXNativeTarget section */
		B3BB2FA7283E7B3A00F3E336 /* Bushel */ = {
			isa = PBXNativeTarget;
			buildConfigurationList = B3BB2FB7283E7B3B00F3E336 /* Build configuration list for PBXNativeTarget "Bushel" */;
			buildPhases = (
				B3BB2FA4283E7B3A00F3E336 /* Sources */,
				B3BB2FA5283E7B3A00F3E336 /* Frameworks */,
				B3BB2FA6283E7B3A00F3E336 /* Resources */,
			);
			buildRules = (
			);
			dependencies = (
			);
			name = Bushel;
			productName = Bushel;
			productReference = B3BB2FA8283E7B3A00F3E336 /* Bushel.app */;
			productType = "com.apple.product-type.application";
		};
		B3BB2FF2283FB62D00F3E336 /* Bushel-download */ = {
			isa = PBXNativeTarget;
			buildConfigurationList = B3BB3001283FB62E00F3E336 /* Build configuration list for PBXNativeTarget "Bushel-download" */;
			buildPhases = (
				B3BB2FEF283FB62D00F3E336 /* Sources */,
				B3BB2FF0283FB62D00F3E336 /* Frameworks */,
				B3BB2FF1283FB62D00F3E336 /* Resources */,
			);
			buildRules = (
			);
			dependencies = (
			);
			name = "Bushel-download";
			productName = "Bushel-download";
			productReference = B3BB2FF3283FB62D00F3E336 /* Bushel-download.app */;
			productType = "com.apple.product-type.application";
		};
/* End PBXNativeTarget section */

/* Begin PBXProject section */
		B3BB2FA0283E7B3A00F3E336 /* Project object */ = {
			isa = PBXProject;
			attributes = {
				BuildIndependentTargetsInParallel = 1;
				LastSwiftUpdateCheck = 1340;
				LastUpgradeCheck = 1340;
				TargetAttributes = {
					B3BB2FA7283E7B3A00F3E336 = {
						CreatedOnToolsVersion = 13.4;
					};
					B3BB2FF2283FB62D00F3E336 = {
						CreatedOnToolsVersion = 13.4;
					};
				};
			};
			buildConfigurationList = B3BB2FA3283E7B3A00F3E336 /* Build configuration list for PBXProject "Bushel" */;
			compatibilityVersion = "Xcode 13.0";
			developmentRegion = en;
			hasScannedForEncodings = 0;
			knownRegions = (
				en,
				Base,
			);
			mainGroup = B3BB2F9F283E7B3A00F3E336;
			productRefGroup = B3BB2FA9283E7B3A00F3E336 /* Products */;
			projectDirPath = "";
			projectRoot = "";
			targets = (
				B3BB2FA7283E7B3A00F3E336 /* Bushel */,
				B3BB2FF2283FB62D00F3E336 /* Bushel-download */,
			);
		};
/* End PBXProject section */

/* Begin PBXResourcesBuildPhase section */
		B3BB2FA6283E7B3A00F3E336 /* Resources */ = {
			isa = PBXResourcesBuildPhase;
			buildActionMask = 2147483647;
			files = (
				B3BB2FB3283E7B3B00F3E336 /* Preview Assets.xcassets in Resources */,
				B3BB2FB0283E7B3B00F3E336 /* Assets.xcassets in Resources */,
			);
			runOnlyForDeploymentPostprocessing = 0;
		};
		B3BB2FF1283FB62D00F3E336 /* Resources */ = {
			isa = PBXResourcesBuildPhase;
			buildActionMask = 2147483647;
			files = (
				B3BB2FFD283FB62E00F3E336 /* Preview Assets.xcassets in Resources */,
				B3BB2FFA283FB62E00F3E336 /* Assets.xcassets in Resources */,
			);
			runOnlyForDeploymentPostprocessing = 0;
		};
/* End PBXResourcesBuildPhase section */

/* Begin PBXSourcesBuildPhase section */
		B3BB2FA4283E7B3A00F3E336 /* Sources */ = {
			isa = PBXSourcesBuildPhase;
			buildActionMask = 2147483647;
			files = (
				B3BB2FAE283E7B3A00F3E336 /* ContentView.swift in Sources */,
				B315106E2841127500299415 /* MainView.swift in Sources */,
				B34ABE9128443EFB00F22379 /* Downloader.swift in Sources */,
				B3A55E15284197FE00FD6930 /* RemoteImageView.swift in Sources */,
				B3BB2FAC283E7B3A00F3E336 /* BushelApp.swift in Sources */,
				B315D8362843D0310012628A /* ImageList.swift in Sources */,
			);
			runOnlyForDeploymentPostprocessing = 0;
		};
		B3BB2FEF283FB62D00F3E336 /* Sources */ = {
			isa = PBXSourcesBuildPhase;
			buildActionMask = 2147483647;
			files = (
				B3BB2FF8283FB62D00F3E336 /* ContentView.swift in Sources */,
				B3BB2FF6283FB62D00F3E336 /* Bushel_downloadApp.swift in Sources */,
			);
			runOnlyForDeploymentPostprocessing = 0;
		};
/* End PBXSourcesBuildPhase section */

/* Begin XCBuildConfiguration section */
		B3BB2FB5283E7B3B00F3E336 /* Debug */ = {
			isa = XCBuildConfiguration;
			buildSettings = {
				ALWAYS_SEARCH_USER_PATHS = NO;
				CLANG_ANALYZER_NONNULL = YES;
				CLANG_ANALYZER_NUMBER_OBJECT_CONVERSION = YES_AGGRESSIVE;
				CLANG_CXX_LANGUAGE_STANDARD = "gnu++17";
				CLANG_ENABLE_MODULES = YES;
				CLANG_ENABLE_OBJC_ARC = YES;
				CLANG_ENABLE_OBJC_WEAK = YES;
				CLANG_WARN_BLOCK_CAPTURE_AUTORELEASING = YES;
				CLANG_WARN_BOOL_CONVERSION = YES;
				CLANG_WARN_COMMA = YES;
				CLANG_WARN_CONSTANT_CONVERSION = YES;
				CLANG_WARN_DEPRECATED_OBJC_IMPLEMENTATIONS = YES;
				CLANG_WARN_DIRECT_OBJC_ISA_USAGE = YES_ERROR;
				CLANG_WARN_DOCUMENTATION_COMMENTS = YES;
				CLANG_WARN_EMPTY_BODY = YES;
				CLANG_WARN_ENUM_CONVERSION = YES;
				CLANG_WARN_INFINITE_RECURSION = YES;
				CLANG_WARN_INT_CONVERSION = YES;
				CLANG_WARN_NON_LITERAL_NULL_CONVERSION = YES;
				CLANG_WARN_OBJC_IMPLICIT_RETAIN_SELF = YES;
				CLANG_WARN_OBJC_LITERAL_CONVERSION = YES;
				CLANG_WARN_OBJC_ROOT_CLASS = YES_ERROR;
				CLANG_WARN_QUOTED_INCLUDE_IN_FRAMEWORK_HEADER = YES;
				CLANG_WARN_RANGE_LOOP_ANALYSIS = YES;
				CLANG_WARN_STRICT_PROTOTYPES = YES;
				CLANG_WARN_SUSPICIOUS_MOVE = YES;
				CLANG_WARN_UNGUARDED_AVAILABILITY = YES_AGGRESSIVE;
				CLANG_WARN_UNREACHABLE_CODE = YES;
				CLANG_WARN__DUPLICATE_METHOD_MATCH = YES;
				COPY_PHASE_STRIP = NO;
				DEBUG_INFORMATION_FORMAT = dwarf;
				ENABLE_STRICT_OBJC_MSGSEND = YES;
				ENABLE_TESTABILITY = YES;
				GCC_C_LANGUAGE_STANDARD = gnu11;
				GCC_DYNAMIC_NO_PIC = NO;
				GCC_NO_COMMON_BLOCKS = YES;
				GCC_OPTIMIZATION_LEVEL = 0;
				GCC_PREPROCESSOR_DEFINITIONS = (
					"DEBUG=1",
					"$(inherited)",
				);
				GCC_WARN_64_TO_32_BIT_CONVERSION = YES;
				GCC_WARN_ABOUT_RETURN_TYPE = YES_ERROR;
				GCC_WARN_UNDECLARED_SELECTOR = YES;
				GCC_WARN_UNINITIALIZED_AUTOS = YES_AGGRESSIVE;
				GCC_WARN_UNUSED_FUNCTION = YES;
				GCC_WARN_UNUSED_VARIABLE = YES;
				MACOSX_DEPLOYMENT_TARGET = 12.3;
				MTL_ENABLE_DEBUG_INFO = INCLUDE_SOURCE;
				MTL_FAST_MATH = YES;
				ONLY_ACTIVE_ARCH = YES;
				SDKROOT = macosx;
				SWIFT_ACTIVE_COMPILATION_CONDITIONS = DEBUG;
				SWIFT_OPTIMIZATION_LEVEL = "-Onone";
			};
			name = Debug;
		};
		B3BB2FB6283E7B3B00F3E336 /* Release */ = {
			isa = XCBuildConfiguration;
			buildSettings = {
				ALWAYS_SEARCH_USER_PATHS = NO;
				CLANG_ANALYZER_NONNULL = YES;
				CLANG_ANALYZER_NUMBER_OBJECT_CONVERSION = YES_AGGRESSIVE;
				CLANG_CXX_LANGUAGE_STANDARD = "gnu++17";
				CLANG_ENABLE_MODULES = YES;
				CLANG_ENABLE_OBJC_ARC = YES;
				CLANG_ENABLE_OBJC_WEAK = YES;
				CLANG_WARN_BLOCK_CAPTURE_AUTORELEASING = YES;
				CLANG_WARN_BOOL_CONVERSION = YES;
				CLANG_WARN_COMMA = YES;
				CLANG_WARN_CONSTANT_CONVERSION = YES;
				CLANG_WARN_DEPRECATED_OBJC_IMPLEMENTATIONS = YES;
				CLANG_WARN_DIRECT_OBJC_ISA_USAGE = YES_ERROR;
				CLANG_WARN_DOCUMENTATION_COMMENTS = YES;
				CLANG_WARN_EMPTY_BODY = YES;
				CLANG_WARN_ENUM_CONVERSION = YES;
				CLANG_WARN_INFINITE_RECURSION = YES;
				CLANG_WARN_INT_CONVERSION = YES;
				CLANG_WARN_NON_LITERAL_NULL_CONVERSION = YES;
				CLANG_WARN_OBJC_IMPLICIT_RETAIN_SELF = YES;
				CLANG_WARN_OBJC_LITERAL_CONVERSION = YES;
				CLANG_WARN_OBJC_ROOT_CLASS = YES_ERROR;
				CLANG_WARN_QUOTED_INCLUDE_IN_FRAMEWORK_HEADER = YES;
				CLANG_WARN_RANGE_LOOP_ANALYSIS = YES;
				CLANG_WARN_STRICT_PROTOTYPES = YES;
				CLANG_WARN_SUSPICIOUS_MOVE = YES;
				CLANG_WARN_UNGUARDED_AVAILABILITY = YES_AGGRESSIVE;
				CLANG_WARN_UNREACHABLE_CODE = YES;
				CLANG_WARN__DUPLICATE_METHOD_MATCH = YES;
				COPY_PHASE_STRIP = NO;
				DEBUG_INFORMATION_FORMAT = "dwarf-with-dsym";
				ENABLE_NS_ASSERTIONS = NO;
				ENABLE_STRICT_OBJC_MSGSEND = YES;
				GCC_C_LANGUAGE_STANDARD = gnu11;
				GCC_NO_COMMON_BLOCKS = YES;
				GCC_WARN_64_TO_32_BIT_CONVERSION = YES;
				GCC_WARN_ABOUT_RETURN_TYPE = YES_ERROR;
				GCC_WARN_UNDECLARED_SELECTOR = YES;
				GCC_WARN_UNINITIALIZED_AUTOS = YES_AGGRESSIVE;
				GCC_WARN_UNUSED_FUNCTION = YES;
				GCC_WARN_UNUSED_VARIABLE = YES;
				MACOSX_DEPLOYMENT_TARGET = 12.3;
				MTL_ENABLE_DEBUG_INFO = NO;
				MTL_FAST_MATH = YES;
				SDKROOT = macosx;
				SWIFT_COMPILATION_MODE = wholemodule;
				SWIFT_OPTIMIZATION_LEVEL = "-O";
			};
			name = Release;
		};
		B3BB2FB8283E7B3B00F3E336 /* Debug */ = {
			isa = XCBuildConfiguration;
			buildSettings = {
				ASSETCATALOG_COMPILER_APPICON_NAME = AppIcon;
				ASSETCATALOG_COMPILER_GLOBAL_ACCENT_COLOR_NAME = AccentColor;
				CODE_SIGN_ENTITLEMENTS = Bushel/Bushel.entitlements;
				CODE_SIGN_STYLE = Automatic;
				COMBINE_HIDPI_IMAGES = YES;
				CURRENT_PROJECT_VERSION = 1;
				DEVELOPMENT_ASSET_PATHS = "\"Bushel/Preview Content\"";
				DEVELOPMENT_TEAM = MLT7M394S7;
				ENABLE_HARDENED_RUNTIME = YES;
				ENABLE_PREVIEWS = YES;
				GENERATE_INFOPLIST_FILE = YES;
				INFOPLIST_KEY_NSHumanReadableCopyright = "";
				LD_RUNPATH_SEARCH_PATHS = (
					"$(inherited)",
					"@executable_path/../Frameworks",
				);
				MARKETING_VERSION = 1.0;
				PRODUCT_BUNDLE_IDENTIFIER = com.brightdigit.Bushel;
				PRODUCT_NAME = "$(TARGET_NAME)";
				SWIFT_EMIT_LOC_STRINGS = YES;
				SWIFT_VERSION = 5.0;
			};
			name = Debug;
		};
		B3BB2FB9283E7B3B00F3E336 /* Release */ = {
			isa = XCBuildConfiguration;
			buildSettings = {
				ASSETCATALOG_COMPILER_APPICON_NAME = AppIcon;
				ASSETCATALOG_COMPILER_GLOBAL_ACCENT_COLOR_NAME = AccentColor;
				CODE_SIGN_ENTITLEMENTS = Bushel/Bushel.entitlements;
				CODE_SIGN_STYLE = Automatic;
				COMBINE_HIDPI_IMAGES = YES;
				CURRENT_PROJECT_VERSION = 1;
				DEVELOPMENT_ASSET_PATHS = "\"Bushel/Preview Content\"";
				DEVELOPMENT_TEAM = MLT7M394S7;
				ENABLE_HARDENED_RUNTIME = YES;
				ENABLE_PREVIEWS = YES;
				GENERATE_INFOPLIST_FILE = YES;
				INFOPLIST_KEY_NSHumanReadableCopyright = "";
				LD_RUNPATH_SEARCH_PATHS = (
					"$(inherited)",
					"@executable_path/../Frameworks",
				);
				MARKETING_VERSION = 1.0;
				PRODUCT_BUNDLE_IDENTIFIER = com.brightdigit.Bushel;
				PRODUCT_NAME = "$(TARGET_NAME)";
				SWIFT_EMIT_LOC_STRINGS = YES;
				SWIFT_VERSION = 5.0;
			};
			name = Release;
		};
		B3BB2FFF283FB62E00F3E336 /* Debug */ = {
			isa = XCBuildConfiguration;
			buildSettings = {
				ASSETCATALOG_COMPILER_APPICON_NAME = AppIcon;
				ASSETCATALOG_COMPILER_GLOBAL_ACCENT_COLOR_NAME = AccentColor;
				CODE_SIGN_ENTITLEMENTS = "Bushel-download/Bushel_download.entitlements";
				CODE_SIGN_STYLE = Automatic;
				COMBINE_HIDPI_IMAGES = YES;
				CURRENT_PROJECT_VERSION = 1;
				DEVELOPMENT_ASSET_PATHS = "\"Bushel-download/Preview Content\"";
				DEVELOPMENT_TEAM = MLT7M394S7;
				ENABLE_HARDENED_RUNTIME = NO;
				ENABLE_PREVIEWS = YES;
				GENERATE_INFOPLIST_FILE = YES;
				INFOPLIST_KEY_NSHumanReadableCopyright = "";
				LD_RUNPATH_SEARCH_PATHS = (
					"$(inherited)",
					"@executable_path/../Frameworks",
				);
				MARKETING_VERSION = 1.0;
				PRODUCT_BUNDLE_IDENTIFIER = "com.brightdigit.Bushel-download";
				PRODUCT_NAME = "$(TARGET_NAME)";
				SWIFT_EMIT_LOC_STRINGS = YES;
				SWIFT_VERSION = 5.0;
			};
			name = Debug;
		};
		B3BB3000283FB62E00F3E336 /* Release */ = {
			isa = XCBuildConfiguration;
			buildSettings = {
				ASSETCATALOG_COMPILER_APPICON_NAME = AppIcon;
				ASSETCATALOG_COMPILER_GLOBAL_ACCENT_COLOR_NAME = AccentColor;
				CODE_SIGN_ENTITLEMENTS = "Bushel-download/Bushel_download.entitlements";
				CODE_SIGN_STYLE = Automatic;
				COMBINE_HIDPI_IMAGES = YES;
				CURRENT_PROJECT_VERSION = 1;
				DEVELOPMENT_ASSET_PATHS = "\"Bushel-download/Preview Content\"";
				DEVELOPMENT_TEAM = MLT7M394S7;
				ENABLE_HARDENED_RUNTIME = NO;
				ENABLE_PREVIEWS = YES;
				GENERATE_INFOPLIST_FILE = YES;
				INFOPLIST_KEY_NSHumanReadableCopyright = "";
				LD_RUNPATH_SEARCH_PATHS = (
					"$(inherited)",
					"@executable_path/../Frameworks",
				);
				MARKETING_VERSION = 1.0;
				PRODUCT_BUNDLE_IDENTIFIER = "com.brightdigit.Bushel-download";
				PRODUCT_NAME = "$(TARGET_NAME)";
				SWIFT_EMIT_LOC_STRINGS = YES;
				SWIFT_VERSION = 5.0;
			};
			name = Release;
		};
/* End XCBuildConfiguration section */

/* Begin XCConfigurationList section */
		B3BB2FA3283E7B3A00F3E336 /* Build configuration list for PBXProject "Bushel" */ = {
			isa = XCConfigurationList;
			buildConfigurations = (
				B3BB2FB5283E7B3B00F3E336 /* Debug */,
				B3BB2FB6283E7B3B00F3E336 /* Release */,
			);
			defaultConfigurationIsVisible = 0;
			defaultConfigurationName = Release;
		};
		B3BB2FB7283E7B3B00F3E336 /* Build configuration list for PBXNativeTarget "Bushel" */ = {
			isa = XCConfigurationList;
			buildConfigurations = (
				B3BB2FB8283E7B3B00F3E336 /* Debug */,
				B3BB2FB9283E7B3B00F3E336 /* Release */,
			);
			defaultConfigurationIsVisible = 0;
			defaultConfigurationName = Release;
		};
		B3BB3001283FB62E00F3E336 /* Build configuration list for PBXNativeTarget "Bushel-download" */ = {
			isa = XCConfigurationList;
			buildConfigurations = (
				B3BB2FFF283FB62E00F3E336 /* Debug */,
				B3BB3000283FB62E00F3E336 /* Release */,
			);
			defaultConfigurationIsVisible = 0;
			defaultConfigurationName = Release;
		};
/* End XCConfigurationList section */
	};
	rootObject = B3BB2FA0283E7B3A00F3E336 /* Project object */;
}
