// !$*UTF8*$!
{
	archiveVersion = 1;
	classes = {
	};
	objectVersion = 55;
	objects = {

/* Begin PBXBuildFile section */
		B315106E2841127500299415 /* MainView.swift in Sources */ = {isa = PBXBuildFile; fileRef = B315106D2841127500299415 /* MainView.swift */; };
		B315D8362843D0310012628A /* ImageList.swift in Sources */ = {isa = PBXBuildFile; fileRef = B315D8352843D0310012628A /* ImageList.swift */; };
		B33519382860FE2100E2E10B /* AppDelegate.swift in Sources */ = {isa = PBXBuildFile; fileRef = B33519362860FE2100E2E10B /* AppDelegate.swift */; };
		B34ABE9128443EFB00F22379 /* Downloader.swift in Sources */ = {isa = PBXBuildFile; fileRef = B34ABE9028443EFB00F22379 /* Downloader.swift */; };
		B3662A952846EFD000F8430B /* ImagesView.swift in Sources */ = {isa = PBXBuildFile; fileRef = B3662A942846EFD000F8430B /* ImagesView.swift */; };
		B3662AA52846F89B00F8430B /* RestoreImage.Combine.swift in Sources */ = {isa = PBXBuildFile; fileRef = B3662A982846F89A00F8430B /* RestoreImage.Combine.swift */; };
		B3662AA62846F89B00F8430B /* PreviewProvider.swift in Sources */ = {isa = PBXBuildFile; fileRef = B3662A992846F89A00F8430B /* PreviewProvider.swift */; };
		B3662AA72846F89B00F8430B /* RestoreImage.swift in Sources */ = {isa = PBXBuildFile; fileRef = B3662A9A2846F89A00F8430B /* RestoreImage.swift */; };
		B3662AA82846F89B00F8430B /* AppObject.swift in Sources */ = {isa = PBXBuildFile; fileRef = B3662A9B2846F89A00F8430B /* AppObject.swift */; };
		B3662AAA2846F89B00F8430B /* SHA256.swift in Sources */ = {isa = PBXBuildFile; fileRef = B3662A9D2846F89A00F8430B /* SHA256.swift */; };
		B3662AAB2846F89B00F8430B /* Preview Assets.xcassets in Resources */ = {isa = PBXBuildFile; fileRef = B3662A9F2846F89A00F8430B /* Preview Assets.xcassets */; };
		B3662AAC2846F89B00F8430B /* RemoteRestoreImageFetcher.swift in Sources */ = {isa = PBXBuildFile; fileRef = B3662AA02846F89A00F8430B /* RemoteRestoreImageFetcher.swift */; };
		B3662AAD2846F89B00F8430B /* RestoreImage.Virtualization.swift in Sources */ = {isa = PBXBuildFile; fileRef = B3662AA12846F89A00F8430B /* RestoreImage.Virtualization.swift */; };
		B3662AAE2846F89B00F8430B /* VZMacOSRestoreImage.swift in Sources */ = {isa = PBXBuildFile; fileRef = B3662AA22846F89B00F8430B /* VZMacOSRestoreImage.swift */; };
		B3662AB02846F95F00F8430B /* LocalImage.Virtualization.swift in Sources */ = {isa = PBXBuildFile; fileRef = B3662AAF2846F95F00F8430B /* LocalImage.Virtualization.swift */; };
		B37C7035286232FD00D2E235 /* MachineDialogView.swift in Sources */ = {isa = PBXBuildFile; fileRef = B32BF3AB285EA99B006842C7 /* MachineDialogView.swift */; };
		B37C7036286232FD00D2E235 /* BshillDocDocument.swift in Sources */ = {isa = PBXBuildFile; fileRef = B32BF39D285EA977006842C7 /* BshillDocDocument.swift */; };
		B37C70372862330C00D2E235 /* BshillDocApp.swift in Sources */ = {isa = PBXBuildFile; fileRef = B32BF39B285EA977006842C7 /* BshillDocApp.swift */; };
		B37C70382862333700D2E235 /* RestoreImageListView.swift in Sources */ = {isa = PBXBuildFile; fileRef = B3210C31285B5D71002D7BEF /* RestoreImageListView.swift */; };
		B37C70392862333700D2E235 /* MachineItemView.swift in Sources */ = {isa = PBXBuildFile; fileRef = B3215C0F285BDD7E002C2EA1 /* MachineItemView.swift */; };
		B37C703A2862333700D2E235 /* SHA256.swift in Sources */ = {isa = PBXBuildFile; fileRef = B3210C33285B5FFD002D7BEF /* SHA256.swift */; };
		B37C703B2862333700D2E235 /* MachineImagePickerView.swift in Sources */ = {isa = PBXBuildFile; fileRef = B3215C15285BE199002C2EA1 /* MachineImagePickerView.swift */; };
		B37C703C2862333700D2E235 /* RestoreImageItemView.swift in Sources */ = {isa = PBXBuildFile; fileRef = B3210C2F285B5D66002D7BEF /* RestoreImageItemView.swift */; };
		B37C703D286233D700D2E235 /* DownloadView.swift in Sources */ = {isa = PBXBuildFile; fileRef = B3BB2FF7283FB62D00F3E336 /* DownloadView.swift */; };
		B37C703E286233FD00D2E235 /* TbsView.swift in Sources */ = {isa = PBXBuildFile; fileRef = B3DCD3FB285A1C9E00A0E86E /* TbsView.swift */; };
		B37C703F286233FD00D2E235 /* ImageListView.swift in Sources */ = {isa = PBXBuildFile; fileRef = B3157F5B2852C4A900DB5077 /* ImageListView.swift */; };
		B37C7040286233FD00D2E235 /* DesignedView.swift in Sources */ = {isa = PBXBuildFile; fileRef = B39E8C63285181200049FB7F /* DesignedView.swift */; };
		B37C7041286233FD00D2E235 /* MachineListView.swift in Sources */ = {isa = PBXBuildFile; fileRef = B3157F552852C44800DB5077 /* MachineListView.swift */; };
		B37C7042286233FD00D2E235 /* SettingsView.swift in Sources */ = {isa = PBXBuildFile; fileRef = B3157F5D2852C51300DB5077 /* SettingsView.swift */; };
		B38A5D14284D799400427013 /* VZMacPlatformConfiguration.swift in Sources */ = {isa = PBXBuildFile; fileRef = B38A5D02284D799300427013 /* VZMacPlatformConfiguration.swift */; };
		B38A5D15284D799400427013 /* VZVirtualMachineConfiguration.swift in Sources */ = {isa = PBXBuildFile; fileRef = B38A5D07284D799300427013 /* VZVirtualMachineConfiguration.swift */; };
		B38A5D16284D799400427013 /* FileManager.swift in Sources */ = {isa = PBXBuildFile; fileRef = B38A5D08284D799300427013 /* FileManager.swift */; };
		B38A5D17284D799400427013 /* Machine.swift in Sources */ = {isa = PBXBuildFile; fileRef = B38A5D09284D799300427013 /* Machine.swift */; };
		B38A5D18284D799400427013 /* MachineBuilderRange.swift in Sources */ = {isa = PBXBuildFile; fileRef = B38A5D0A284D799300427013 /* MachineBuilderRange.swift */; };
		B38A5D19284D799400427013 /* FileCreationError.swift in Sources */ = {isa = PBXBuildFile; fileRef = B38A5D0B284D799300427013 /* FileCreationError.swift */; };
		B38A5D1A284D799400427013 /* MachineNetwork.swift in Sources */ = {isa = PBXBuildFile; fileRef = B38A5D0C284D799300427013 /* MachineNetwork.swift */; };
		B38A5D1B284D799400427013 /* MachineDisplay.swift in Sources */ = {isa = PBXBuildFile; fileRef = B38A5D0D284D799300427013 /* MachineDisplay.swift */; };
		B38A5D1C284D799400427013 /* MachineBuilder.swift in Sources */ = {isa = PBXBuildFile; fileRef = B38A5D0E284D799300427013 /* MachineBuilder.swift */; };
		B38A5D1D284D799400427013 /* MachineDisk.swift in Sources */ = {isa = PBXBuildFile; fileRef = B38A5D0F284D799300427013 /* MachineDisk.swift */; };
		B38A5D1E284D799400427013 /* MachineSharedDirectory.swift in Sources */ = {isa = PBXBuildFile; fileRef = B38A5D10284D799300427013 /* MachineSharedDirectory.swift */; };
		B38A5D1F284D799400427013 /* ClosedRange.swift in Sources */ = {isa = PBXBuildFile; fileRef = B38A5D11284D799400427013 /* ClosedRange.swift */; };
		B38A5D20284D799400427013 /* Preview Assets.xcassets in Resources */ = {isa = PBXBuildFile; fileRef = B38A5D13284D799400427013 /* Preview Assets.xcassets */; };
		B38A5D22284D7A1600427013 /* OperatingSystemVersion.swift in Sources */ = {isa = PBXBuildFile; fileRef = B38A5D21284D7A1600427013 /* OperatingSystemVersion.swift */; };
		B38C30CF28629E3A00A8AC8E /* Assets.xcassets in Resources */ = {isa = PBXBuildFile; fileRef = B3BB2FAF283E7B3B00F3E336 /* Assets.xcassets */; };
		B3BB2FAC283E7B3A00F3E336 /* BushelApp.swift in Sources */ = {isa = PBXBuildFile; fileRef = B3BB2FAB283E7B3A00F3E336 /* BushelApp.swift */; };
		B3BB2FAE283E7B3A00F3E336 /* RestoreImageManagerView.swift in Sources */ = {isa = PBXBuildFile; fileRef = B3BB2FAD283E7B3A00F3E336 /* RestoreImageManagerView.swift */; };
		B3BB2FB0283E7B3B00F3E336 /* Assets.xcassets in Resources */ = {isa = PBXBuildFile; fileRef = B3BB2FAF283E7B3B00F3E336 /* Assets.xcassets */; };
		B3BB2FB3283E7B3B00F3E336 /* Preview Assets.xcassets in Resources */ = {isa = PBXBuildFile; fileRef = B3BB2FB2283E7B3B00F3E336 /* Preview Assets.xcassets */; };
		B3CED9092848062A0072CACC /* RestoreImageView.swift in Sources */ = {isa = PBXBuildFile; fileRef = B3CED9082848062A0072CACC /* RestoreImageView.swift */; };
		B3E21B672860FFB7008102A6 /* VZVirtualMachineConfiguration.swift in Sources */ = {isa = PBXBuildFile; fileRef = B3E21B642860FFB7008102A6 /* VZVirtualMachineConfiguration.swift */; };
		B3E21B682860FFB7008102A6 /* StartMachineView.swift in Sources */ = {isa = PBXBuildFile; fileRef = B3E21B5F2860FFB7008102A6 /* StartMachineView.swift */; };
		B3E21B692860FFB7008102A6 /* FileCreationError.swift in Sources */ = {isa = PBXBuildFile; fileRef = B3E21B662860FFB7008102A6 /* FileCreationError.swift */; };
		B3E21B6A2860FFB7008102A6 /* FileManager.swift in Sources */ = {isa = PBXBuildFile; fileRef = B3E21B652860FFB7008102A6 /* FileManager.swift */; };
		B3E21B742862327D008102A6 /* main.swift in Sources */ = {isa = PBXBuildFile; fileRef = B3E21B732862327D008102A6 /* main.swift */; };
		B3F9821328482E0C00EF5E29 /* MachineView.swift in Sources */ = {isa = PBXBuildFile; fileRef = B3F9821228482E0C00EF5E29 /* MachineView.swift */; };
/* End PBXBuildFile section */

/* Begin PBXContainerItemProxy section */
		B3CED9002847FE070072CACC /* PBXContainerItemProxy */ = {
			isa = PBXContainerItemProxy;
			containerPortal = B3CED8F92847FE070072CACC /* macOSVirtualMachineSampleApp.xcodeproj */;
			proxyType = 2;
			remoteGlobalIDString = 8F87D51D26C34111000EADA4;
			remoteInfo = "macOSVirtualMachineSampleApp-Swift";
		};
		B3CED9022847FE070072CACC /* PBXContainerItemProxy */ = {
			isa = PBXContainerItemProxy;
			containerPortal = B3CED8F92847FE070072CACC /* macOSVirtualMachineSampleApp.xcodeproj */;
			proxyType = 2;
			remoteGlobalIDString = 8F87D53126C341AC000EADA4;
			remoteInfo = "InstallationTool-Swift";
		};
		B3CED9042847FE070072CACC /* PBXContainerItemProxy */ = {
			isa = PBXContainerItemProxy;
			containerPortal = B3CED8F92847FE070072CACC /* macOSVirtualMachineSampleApp.xcodeproj */;
			proxyType = 2;
			remoteGlobalIDString = 8FDABC3A270D1DC600D7FC60;
			remoteInfo = "macOSVirtualMachineSampleApp-Objective-C";
		};
		B3CED9062847FE070072CACC /* PBXContainerItemProxy */ = {
			isa = PBXContainerItemProxy;
			containerPortal = B3CED8F92847FE070072CACC /* macOSVirtualMachineSampleApp.xcodeproj */;
			proxyType = 2;
			remoteGlobalIDString = 8FDABC59270D1FFE00D7FC60;
			remoteInfo = "InstallationTool-Objective-C";
		};
/* End PBXContainerItemProxy section */

/* Begin PBXFileReference section */
		B315106D2841127500299415 /* MainView.swift */ = {isa = PBXFileReference; lastKnownFileType = sourcecode.swift; path = MainView.swift; sourceTree = "<group>"; };
		B3157F552852C44800DB5077 /* MachineListView.swift */ = {isa = PBXFileReference; lastKnownFileType = sourcecode.swift; path = MachineListView.swift; sourceTree = "<group>"; };
		B3157F5B2852C4A900DB5077 /* ImageListView.swift */ = {isa = PBXFileReference; lastKnownFileType = sourcecode.swift; path = ImageListView.swift; sourceTree = "<group>"; };
		B3157F5D2852C51300DB5077 /* SettingsView.swift */ = {isa = PBXFileReference; lastKnownFileType = sourcecode.swift; path = SettingsView.swift; sourceTree = "<group>"; };
		B315D8352843D0310012628A /* ImageList.swift */ = {isa = PBXFileReference; lastKnownFileType = sourcecode.swift; path = ImageList.swift; sourceTree = "<group>"; };
		B3210C2F285B5D66002D7BEF /* RestoreImageItemView.swift */ = {isa = PBXFileReference; lastKnownFileType = sourcecode.swift; path = RestoreImageItemView.swift; sourceTree = "<group>"; };
		B3210C31285B5D71002D7BEF /* RestoreImageListView.swift */ = {isa = PBXFileReference; lastKnownFileType = sourcecode.swift; path = RestoreImageListView.swift; sourceTree = "<group>"; };
		B3210C33285B5FFD002D7BEF /* SHA256.swift */ = {isa = PBXFileReference; lastKnownFileType = sourcecode.swift; path = SHA256.swift; sourceTree = "<group>"; };
		B3215C0F285BDD7E002C2EA1 /* MachineItemView.swift */ = {isa = PBXFileReference; lastKnownFileType = sourcecode.swift; path = MachineItemView.swift; sourceTree = "<group>"; };
		B3215C15285BE199002C2EA1 /* MachineImagePickerView.swift */ = {isa = PBXFileReference; lastKnownFileType = sourcecode.swift; path = MachineImagePickerView.swift; sourceTree = "<group>"; };
		B32BF39B285EA977006842C7 /* BshillDocApp.swift */ = {isa = PBXFileReference; lastKnownFileType = sourcecode.swift; path = BshillDocApp.swift; sourceTree = "<group>"; };
		B32BF39D285EA977006842C7 /* BshillDocDocument.swift */ = {isa = PBXFileReference; lastKnownFileType = sourcecode.swift; path = BshillDocDocument.swift; sourceTree = "<group>"; };
		B32BF3AB285EA99B006842C7 /* MachineDialogView.swift */ = {isa = PBXFileReference; lastKnownFileType = sourcecode.swift; path = MachineDialogView.swift; sourceTree = "<group>"; };
		B33519242860FDFC00E2E10B /* BshAppDelegate.app */ = {isa = PBXFileReference; explicitFileType = wrapper.application; includeInIndex = 0; path = BshAppDelegate.app; sourceTree = BUILT_PRODUCTS_DIR; };
		B33519362860FE2100E2E10B /* AppDelegate.swift */ = {isa = PBXFileReference; fileEncoding = 4; lastKnownFileType = sourcecode.swift; path = AppDelegate.swift; sourceTree = "<group>"; };
		B33519392860FE2B00E2E10B /* BshAppDelegate.entitlements */ = {isa = PBXFileReference; lastKnownFileType = text.plist.entitlements; path = BshAppDelegate.entitlements; sourceTree = "<group>"; };
		B34ABE9028443EFB00F22379 /* Downloader.swift */ = {isa = PBXFileReference; lastKnownFileType = sourcecode.swift; path = Downloader.swift; sourceTree = "<group>"; };
		B3662A942846EFD000F8430B /* ImagesView.swift */ = {isa = PBXFileReference; lastKnownFileType = sourcecode.swift; path = ImagesView.swift; sourceTree = "<group>"; };
		B3662A982846F89A00F8430B /* RestoreImage.Combine.swift */ = {isa = PBXFileReference; fileEncoding = 4; lastKnownFileType = sourcecode.swift; path = RestoreImage.Combine.swift; sourceTree = "<group>"; };
		B3662A992846F89A00F8430B /* PreviewProvider.swift */ = {isa = PBXFileReference; fileEncoding = 4; lastKnownFileType = sourcecode.swift; path = PreviewProvider.swift; sourceTree = "<group>"; };
		B3662A9A2846F89A00F8430B /* RestoreImage.swift */ = {isa = PBXFileReference; fileEncoding = 4; lastKnownFileType = sourcecode.swift; path = RestoreImage.swift; sourceTree = "<group>"; };
		B3662A9B2846F89A00F8430B /* AppObject.swift */ = {isa = PBXFileReference; fileEncoding = 4; lastKnownFileType = sourcecode.swift; path = AppObject.swift; sourceTree = "<group>"; };
		B3662A9D2846F89A00F8430B /* SHA256.swift */ = {isa = PBXFileReference; fileEncoding = 4; lastKnownFileType = sourcecode.swift; path = SHA256.swift; sourceTree = "<group>"; };
		B3662A9F2846F89A00F8430B /* Preview Assets.xcassets */ = {isa = PBXFileReference; lastKnownFileType = folder.assetcatalog; path = "Preview Assets.xcassets"; sourceTree = "<group>"; };
		B3662AA02846F89A00F8430B /* RemoteRestoreImageFetcher.swift */ = {isa = PBXFileReference; fileEncoding = 4; lastKnownFileType = sourcecode.swift; path = RemoteRestoreImageFetcher.swift; sourceTree = "<group>"; };
		B3662AA12846F89A00F8430B /* RestoreImage.Virtualization.swift */ = {isa = PBXFileReference; fileEncoding = 4; lastKnownFileType = sourcecode.swift; path = RestoreImage.Virtualization.swift; sourceTree = "<group>"; };
		B3662AA22846F89B00F8430B /* VZMacOSRestoreImage.swift */ = {isa = PBXFileReference; fileEncoding = 4; lastKnownFileType = sourcecode.swift; path = VZMacOSRestoreImage.swift; sourceTree = "<group>"; };
		B3662AAF2846F95F00F8430B /* LocalImage.Virtualization.swift */ = {isa = PBXFileReference; lastKnownFileType = sourcecode.swift; path = LocalImage.Virtualization.swift; sourceTree = "<group>"; };
		B38A5D02284D799300427013 /* VZMacPlatformConfiguration.swift */ = {isa = PBXFileReference; fileEncoding = 4; lastKnownFileType = sourcecode.swift; path = VZMacPlatformConfiguration.swift; sourceTree = "<group>"; };
		B38A5D07284D799300427013 /* VZVirtualMachineConfiguration.swift */ = {isa = PBXFileReference; fileEncoding = 4; lastKnownFileType = sourcecode.swift; path = VZVirtualMachineConfiguration.swift; sourceTree = "<group>"; };
		B38A5D08284D799300427013 /* FileManager.swift */ = {isa = PBXFileReference; fileEncoding = 4; lastKnownFileType = sourcecode.swift; path = FileManager.swift; sourceTree = "<group>"; };
		B38A5D09284D799300427013 /* Machine.swift */ = {isa = PBXFileReference; fileEncoding = 4; lastKnownFileType = sourcecode.swift; path = Machine.swift; sourceTree = "<group>"; };
		B38A5D0A284D799300427013 /* MachineBuilderRange.swift */ = {isa = PBXFileReference; fileEncoding = 4; lastKnownFileType = sourcecode.swift; path = MachineBuilderRange.swift; sourceTree = "<group>"; };
		B38A5D0B284D799300427013 /* FileCreationError.swift */ = {isa = PBXFileReference; fileEncoding = 4; lastKnownFileType = sourcecode.swift; path = FileCreationError.swift; sourceTree = "<group>"; };
		B38A5D0C284D799300427013 /* MachineNetwork.swift */ = {isa = PBXFileReference; fileEncoding = 4; lastKnownFileType = sourcecode.swift; path = MachineNetwork.swift; sourceTree = "<group>"; };
		B38A5D0D284D799300427013 /* MachineDisplay.swift */ = {isa = PBXFileReference; fileEncoding = 4; lastKnownFileType = sourcecode.swift; path = MachineDisplay.swift; sourceTree = "<group>"; };
		B38A5D0E284D799300427013 /* MachineBuilder.swift */ = {isa = PBXFileReference; fileEncoding = 4; lastKnownFileType = sourcecode.swift; path = MachineBuilder.swift; sourceTree = "<group>"; };
		B38A5D0F284D799300427013 /* MachineDisk.swift */ = {isa = PBXFileReference; fileEncoding = 4; lastKnownFileType = sourcecode.swift; path = MachineDisk.swift; sourceTree = "<group>"; };
		B38A5D10284D799300427013 /* MachineSharedDirectory.swift */ = {isa = PBXFileReference; fileEncoding = 4; lastKnownFileType = sourcecode.swift; path = MachineSharedDirectory.swift; sourceTree = "<group>"; };
		B38A5D11284D799400427013 /* ClosedRange.swift */ = {isa = PBXFileReference; fileEncoding = 4; lastKnownFileType = sourcecode.swift; path = ClosedRange.swift; sourceTree = "<group>"; };
		B38A5D13284D799400427013 /* Preview Assets.xcassets */ = {isa = PBXFileReference; lastKnownFileType = folder.assetcatalog; path = "Preview Assets.xcassets"; sourceTree = "<group>"; };
		B38A5D21284D7A1600427013 /* OperatingSystemVersion.swift */ = {isa = PBXFileReference; lastKnownFileType = sourcecode.swift; path = OperatingSystemVersion.swift; sourceTree = "<group>"; };
		B39E8C63285181200049FB7F /* DesignedView.swift */ = {isa = PBXFileReference; lastKnownFileType = sourcecode.swift; path = DesignedView.swift; sourceTree = "<group>"; };
		B3BB2FA8283E7B3A00F3E336 /* Bushel.app */ = {isa = PBXFileReference; explicitFileType = wrapper.application; includeInIndex = 0; path = Bushel.app; sourceTree = BUILT_PRODUCTS_DIR; };
		B3BB2FAB283E7B3A00F3E336 /* BushelApp.swift */ = {isa = PBXFileReference; lastKnownFileType = sourcecode.swift; path = BushelApp.swift; sourceTree = "<group>"; };
		B3BB2FAD283E7B3A00F3E336 /* RestoreImageManagerView.swift */ = {isa = PBXFileReference; lastKnownFileType = sourcecode.swift; path = RestoreImageManagerView.swift; sourceTree = "<group>"; };
		B3BB2FAF283E7B3B00F3E336 /* Assets.xcassets */ = {isa = PBXFileReference; lastKnownFileType = folder.assetcatalog; path = Assets.xcassets; sourceTree = "<group>"; };
		B3BB2FB2283E7B3B00F3E336 /* Preview Assets.xcassets */ = {isa = PBXFileReference; lastKnownFileType = folder.assetcatalog; path = "Preview Assets.xcassets"; sourceTree = "<group>"; };
		B3BB2FB4283E7B3B00F3E336 /* Bushel.entitlements */ = {isa = PBXFileReference; lastKnownFileType = text.plist.entitlements; path = Bushel.entitlements; sourceTree = "<group>"; };
		B3BB2FF7283FB62D00F3E336 /* DownloadView.swift */ = {isa = PBXFileReference; lastKnownFileType = sourcecode.swift; path = DownloadView.swift; sourceTree = "<group>"; };
		B3CED8F92847FE070072CACC /* macOSVirtualMachineSampleApp.xcodeproj */ = {isa = PBXFileReference; lastKnownFileType = "wrapper.pb-project"; name = macOSVirtualMachineSampleApp.xcodeproj; path = RunningMacOSInAVirtualMachineOnAppleSiliconMacs/macOSVirtualMachineSampleApp.xcodeproj; sourceTree = "<group>"; };
		B3CED9082848062A0072CACC /* RestoreImageView.swift */ = {isa = PBXFileReference; lastKnownFileType = sourcecode.swift; path = RestoreImageView.swift; sourceTree = "<group>"; };
		B3DCD3FB285A1C9E00A0E86E /* TbsView.swift */ = {isa = PBXFileReference; lastKnownFileType = sourcecode.swift; path = TbsView.swift; sourceTree = "<group>"; };
		B3E21B5F2860FFB7008102A6 /* StartMachineView.swift */ = {isa = PBXFileReference; lastKnownFileType = sourcecode.swift; path = StartMachineView.swift; sourceTree = "<group>"; };
		B3E21B642860FFB7008102A6 /* VZVirtualMachineConfiguration.swift */ = {isa = PBXFileReference; lastKnownFileType = sourcecode.swift; path = VZVirtualMachineConfiguration.swift; sourceTree = "<group>"; };
		B3E21B652860FFB7008102A6 /* FileManager.swift */ = {isa = PBXFileReference; lastKnownFileType = sourcecode.swift; path = FileManager.swift; sourceTree = "<group>"; };
		B3E21B662860FFB7008102A6 /* FileCreationError.swift */ = {isa = PBXFileReference; lastKnownFileType = sourcecode.swift; path = FileCreationError.swift; sourceTree = "<group>"; };
		B3E21B732862327D008102A6 /* main.swift */ = {isa = PBXFileReference; lastKnownFileType = sourcecode.swift; path = main.swift; sourceTree = "<group>"; };
		B3F9821228482E0C00EF5E29 /* MachineView.swift */ = {isa = PBXFileReference; lastKnownFileType = sourcecode.swift; path = MachineView.swift; sourceTree = "<group>"; };
/* End PBXFileReference section */

/* Begin PBXFrameworksBuildPhase section */
		B33519212860FDFC00E2E10B /* Frameworks */ = {
			isa = PBXFrameworksBuildPhase;
			buildActionMask = 2147483647;
			files = (
			);
			runOnlyForDeploymentPostprocessing = 0;
		};
		B3BB2FA5283E7B3A00F3E336 /* Frameworks */ = {
			isa = PBXFrameworksBuildPhase;
			buildActionMask = 2147483647;
			files = (
			);
			runOnlyForDeploymentPostprocessing = 0;
		};
/* End PBXFrameworksBuildPhase section */

/* Begin PBXGroup section */
		B33519252860FDFC00E2E10B /* BshAppDelegate */ = {
			isa = PBXGroup;
			children = (
				B3210C2F285B5D66002D7BEF /* RestoreImageItemView.swift */,
				B39E8C63285181200049FB7F /* DesignedView.swift */,
				B3157F552852C44800DB5077 /* MachineListView.swift */,
				B3DCD3FB285A1C9E00A0E86E /* TbsView.swift */,
				B3157F5B2852C4A900DB5077 /* ImageListView.swift */,
				B3157F5D2852C51300DB5077 /* SettingsView.swift */,
				B3210C33285B5FFD002D7BEF /* SHA256.swift */,
				B3BB2FF7283FB62D00F3E336 /* DownloadView.swift */,
				B3210C31285B5D71002D7BEF /* RestoreImageListView.swift */,
				B3215C0F285BDD7E002C2EA1 /* MachineItemView.swift */,
				B3215C15285BE199002C2EA1 /* MachineImagePickerView.swift */,
				B32BF39B285EA977006842C7 /* BshillDocApp.swift */,
				B32BF3AB285EA99B006842C7 /* MachineDialogView.swift */,
				B32BF39D285EA977006842C7 /* BshillDocDocument.swift */,
				B3E21B5F2860FFB7008102A6 /* StartMachineView.swift */,
				B3E21B662860FFB7008102A6 /* FileCreationError.swift */,
				B3E21B652860FFB7008102A6 /* FileManager.swift */,
				B3E21B642860FFB7008102A6 /* VZVirtualMachineConfiguration.swift */,
				B33519362860FE2100E2E10B /* AppDelegate.swift */,
				B33519392860FE2B00E2E10B /* BshAppDelegate.entitlements */,
				B3E21B732862327D008102A6 /* main.swift */,
			);
			path = BshAppDelegate;
			sourceTree = "<group>";
		};
		B3662A9E2846F89A00F8430B /* Preview Content */ = {
			isa = PBXGroup;
			children = (
				B3662A9F2846F89A00F8430B /* Preview Assets.xcassets */,
			);
			path = "Preview Content";
			sourceTree = "<group>";
		};
		B38A5D12284D799400427013 /* Preview Content */ = {
			isa = PBXGroup;
			children = (
				B38A5D13284D799400427013 /* Preview Assets.xcassets */,
			);
			path = "Preview Content";
			sourceTree = "<group>";
		};
		B3BB2F9F283E7B3A00F3E336 = {
			isa = PBXGroup;
			children = (
				B3BB2FAF283E7B3B00F3E336 /* Assets.xcassets */,
				B3CED8F92847FE070072CACC /* macOSVirtualMachineSampleApp.xcodeproj */,
				B3BB2FAA283E7B3A00F3E336 /* Bushel */,
				B33519252860FDFC00E2E10B /* BshAppDelegate */,
				B3BB2FA9283E7B3A00F3E336 /* Products */,
			);
			sourceTree = "<group>";
		};
		B3BB2FA9283E7B3A00F3E336 /* Products */ = {
			isa = PBXGroup;
			children = (
				B3BB2FA8283E7B3A00F3E336 /* Bushel.app */,
				B33519242860FDFC00E2E10B /* BshAppDelegate.app */,
			);
			name = Products;
			sourceTree = "<group>";
		};
		B3BB2FAA283E7B3A00F3E336 /* Bushel */ = {
			isa = PBXGroup;
			children = (
				B3662A9B2846F89A00F8430B /* AppObject.swift */,
				B3BB2FB4283E7B3B00F3E336 /* Bushel.entitlements */,
				B3BB2FAB283E7B3A00F3E336 /* BushelApp.swift */,
				B38A5D11284D799400427013 /* ClosedRange.swift */,
				B3BB2FAD283E7B3A00F3E336 /* RestoreImageManagerView.swift */,
				B34ABE9028443EFB00F22379 /* Downloader.swift */,
				B38A5D0B284D799300427013 /* FileCreationError.swift */,
				B38A5D08284D799300427013 /* FileManager.swift */,
				B315D8352843D0310012628A /* ImageList.swift */,
				B3662A942846EFD000F8430B /* ImagesView.swift */,
				B3662AAF2846F95F00F8430B /* LocalImage.Virtualization.swift */,
				B38A5D09284D799300427013 /* Machine.swift */,
				B38A5D0E284D799300427013 /* MachineBuilder.swift */,
				B38A5D0A284D799300427013 /* MachineBuilderRange.swift */,
				B38A5D0F284D799300427013 /* MachineDisk.swift */,
				B38A5D0D284D799300427013 /* MachineDisplay.swift */,
				B38A5D0C284D799300427013 /* MachineNetwork.swift */,
				B38A5D10284D799300427013 /* MachineSharedDirectory.swift */,
				B3F9821228482E0C00EF5E29 /* MachineView.swift */,
				B315106D2841127500299415 /* MainView.swift */,
				B38A5D21284D7A1600427013 /* OperatingSystemVersion.swift */,
				B38A5D12284D799400427013 /* Preview Content */,
				B3662A9E2846F89A00F8430B /* Preview Content */,
				B3BB2FB1283E7B3B00F3E336 /* Preview Content */,
				B3662A992846F89A00F8430B /* PreviewProvider.swift */,
				B3662AA02846F89A00F8430B /* RemoteRestoreImageFetcher.swift */,
				B3662A982846F89A00F8430B /* RestoreImage.Combine.swift */,
				B3662A9A2846F89A00F8430B /* RestoreImage.swift */,
				B3662AA12846F89A00F8430B /* RestoreImage.Virtualization.swift */,
				B3CED9082848062A0072CACC /* RestoreImageView.swift */,
				B3662A9D2846F89A00F8430B /* SHA256.swift */,
				B3662AA22846F89B00F8430B /* VZMacOSRestoreImage.swift */,
				B38A5D02284D799300427013 /* VZMacPlatformConfiguration.swift */,
				B38A5D07284D799300427013 /* VZVirtualMachineConfiguration.swift */,
			);
			path = Bushel;
			sourceTree = "<group>";
		};
		B3BB2FB1283E7B3B00F3E336 /* Preview Content */ = {
			isa = PBXGroup;
			children = (
				B3BB2FB2283E7B3B00F3E336 /* Preview Assets.xcassets */,
			);
			path = "Preview Content";
			sourceTree = "<group>";
		};
		B3CED8FA2847FE070072CACC /* Products */ = {
			isa = PBXGroup;
			children = (
				B3CED9012847FE070072CACC /* macOSVirtualMachineSampleApp-Swift.app */,
				B3CED9032847FE070072CACC /* InstallationTool-Swift */,
				B3CED9052847FE070072CACC /* macOSVirtualMachineSampleApp-Objective-C.app */,
				B3CED9072847FE070072CACC /* InstallationTool-Objective-C */,
			);
			name = Products;
			sourceTree = "<group>";
		};
/* End PBXGroup section */

/* Begin PBXNativeTarget section */
		B33519232860FDFC00E2E10B /* BshAppDelegate */ = {
			isa = PBXNativeTarget;
			buildConfigurationList = B33519342860FDFD00E2E10B /* Build configuration list for PBXNativeTarget "BshAppDelegate" */;
			buildPhases = (
				B33519202860FDFC00E2E10B /* Sources */,
				B33519212860FDFC00E2E10B /* Frameworks */,
				B33519222860FDFC00E2E10B /* Resources */,
			);
			buildRules = (
			);
			dependencies = (
			);
			name = BshAppDelegate;
			productName = BshAppDelegate;
			productReference = B33519242860FDFC00E2E10B /* BshAppDelegate.app */;
			productType = "com.apple.product-type.application";
		};
		B3BB2FA7283E7B3A00F3E336 /* Bushel */ = {
			isa = PBXNativeTarget;
			buildConfigurationList = B3BB2FB7283E7B3B00F3E336 /* Build configuration list for PBXNativeTarget "Bushel" */;
			buildPhases = (
				B3BB2FA4283E7B3A00F3E336 /* Sources */,
				B3BB2FA5283E7B3A00F3E336 /* Frameworks */,
				B3BB2FA6283E7B3A00F3E336 /* Resources */,
			);
			buildRules = (
			);
			dependencies = (
			);
			name = Bushel;
			productName = Bushel;
			productReference = B3BB2FA8283E7B3A00F3E336 /* Bushel.app */;
			productType = "com.apple.product-type.application";
		};
/* End PBXNativeTarget section */

/* Begin PBXProject section */
		B3BB2FA0283E7B3A00F3E336 /* Project object */ = {
			isa = PBXProject;
			attributes = {
				BuildIndependentTargetsInParallel = 1;
				LastSwiftUpdateCheck = 1340;
				LastUpgradeCheck = 1340;
				TargetAttributes = {
					B33519232860FDFC00E2E10B = {
						CreatedOnToolsVersion = 13.4.1;
					};
					B3BB2FA7283E7B3A00F3E336 = {
						CreatedOnToolsVersion = 13.4;
					};
				};
			};
			buildConfigurationList = B3BB2FA3283E7B3A00F3E336 /* Build configuration list for PBXProject "Bushel" */;
			compatibilityVersion = "Xcode 13.0";
			developmentRegion = en;
			hasScannedForEncodings = 0;
			knownRegions = (
				en,
				Base,
			);
			mainGroup = B3BB2F9F283E7B3A00F3E336;
			productRefGroup = B3BB2FA9283E7B3A00F3E336 /* Products */;
			projectDirPath = "";
			projectReferences = (
				{
					ProductGroup = B3CED8FA2847FE070072CACC /* Products */;
					ProjectRef = B3CED8F92847FE070072CACC /* macOSVirtualMachineSampleApp.xcodeproj */;
				},
			);
			projectRoot = "";
			targets = (
				B3BB2FA7283E7B3A00F3E336 /* Bushel */,
				B33519232860FDFC00E2E10B /* BshAppDelegate */,
			);
		};
/* End PBXProject section */

/* Begin PBXReferenceProxy section */
		B3CED9012847FE070072CACC /* macOSVirtualMachineSampleApp-Swift.app */ = {
			isa = PBXReferenceProxy;
			fileType = wrapper.application;
			path = "macOSVirtualMachineSampleApp-Swift.app";
			remoteRef = B3CED9002847FE070072CACC /* PBXContainerItemProxy */;
			sourceTree = BUILT_PRODUCTS_DIR;
		};
		B3CED9032847FE070072CACC /* InstallationTool-Swift */ = {
			isa = PBXReferenceProxy;
			fileType = "compiled.mach-o.executable";
			path = "InstallationTool-Swift";
			remoteRef = B3CED9022847FE070072CACC /* PBXContainerItemProxy */;
			sourceTree = BUILT_PRODUCTS_DIR;
		};
		B3CED9052847FE070072CACC /* macOSVirtualMachineSampleApp-Objective-C.app */ = {
			isa = PBXReferenceProxy;
			fileType = wrapper.application;
			path = "macOSVirtualMachineSampleApp-Objective-C.app";
			remoteRef = B3CED9042847FE070072CACC /* PBXContainerItemProxy */;
			sourceTree = BUILT_PRODUCTS_DIR;
		};
		B3CED9072847FE070072CACC /* InstallationTool-Objective-C */ = {
			isa = PBXReferenceProxy;
			fileType = "compiled.mach-o.executable";
			path = "InstallationTool-Objective-C";
			remoteRef = B3CED9062847FE070072CACC /* PBXContainerItemProxy */;
			sourceTree = BUILT_PRODUCTS_DIR;
		};
/* End PBXReferenceProxy section */

/* Begin PBXResourcesBuildPhase section */
		B33519222860FDFC00E2E10B /* Resources */ = {
			isa = PBXResourcesBuildPhase;
			buildActionMask = 2147483647;
			files = (
				B38C30CF28629E3A00A8AC8E /* Assets.xcassets in Resources */,
			);
			runOnlyForDeploymentPostprocessing = 0;
		};
		B3BB2FA6283E7B3A00F3E336 /* Resources */ = {
			isa = PBXResourcesBuildPhase;
			buildActionMask = 2147483647;
			files = (
				B38A5D20284D799400427013 /* Preview Assets.xcassets in Resources */,
				B3BB2FB3283E7B3B00F3E336 /* Preview Assets.xcassets in Resources */,
				B3662AAB2846F89B00F8430B /* Preview Assets.xcassets in Resources */,
				B3BB2FB0283E7B3B00F3E336 /* Assets.xcassets in Resources */,
			);
			runOnlyForDeploymentPostprocessing = 0;
		};
/* End PBXResourcesBuildPhase section */

/* Begin PBXSourcesBuildPhase section */
		B33519202860FDFC00E2E10B /* Sources */ = {
			isa = PBXSourcesBuildPhase;
			buildActionMask = 2147483647;
			files = (
				B3E21B6A2860FFB7008102A6 /* FileManager.swift in Sources */,
				B37C70382862333700D2E235 /* RestoreImageListView.swift in Sources */,
				B3E21B672860FFB7008102A6 /* VZVirtualMachineConfiguration.swift in Sources */,
				B37C70372862330C00D2E235 /* BshillDocApp.swift in Sources */,
				B37C703B2862333700D2E235 /* MachineImagePickerView.swift in Sources */,
				B37C7042286233FD00D2E235 /* SettingsView.swift in Sources */,
				B37C7040286233FD00D2E235 /* DesignedView.swift in Sources */,
				B3E21B742862327D008102A6 /* main.swift in Sources */,
				B37C7041286233FD00D2E235 /* MachineListView.swift in Sources */,
				B3E21B692860FFB7008102A6 /* FileCreationError.swift in Sources */,
				B37C70392862333700D2E235 /* MachineItemView.swift in Sources */,
				B37C703F286233FD00D2E235 /* ImageListView.swift in Sources */,
				B33519382860FE2100E2E10B /* AppDelegate.swift in Sources */,
				B37C703D286233D700D2E235 /* DownloadView.swift in Sources */,
				B37C703A2862333700D2E235 /* SHA256.swift in Sources */,
				B37C7036286232FD00D2E235 /* BshillDocDocument.swift in Sources */,
				B37C703E286233FD00D2E235 /* TbsView.swift in Sources */,
				B37C7035286232FD00D2E235 /* MachineDialogView.swift in Sources */,
				B37C703C2862333700D2E235 /* RestoreImageItemView.swift in Sources */,
				B3E21B682860FFB7008102A6 /* StartMachineView.swift in Sources */,
			);
			runOnlyForDeploymentPostprocessing = 0;
		};
		B3BB2FA4283E7B3A00F3E336 /* Sources */ = {
			isa = PBXSourcesBuildPhase;
			buildActionMask = 2147483647;
			files = (
				B3662AAE2846F89B00F8430B /* VZMacOSRestoreImage.swift in Sources */,
				B3BB2FAE283E7B3A00F3E336 /* RestoreImageManagerView.swift in Sources */,
				B38A5D1D284D799400427013 /* MachineDisk.swift in Sources */,
				B3662AA72846F89B00F8430B /* RestoreImage.swift in Sources */,
				B38A5D1B284D799400427013 /* MachineDisplay.swift in Sources */,
				B3662AA82846F89B00F8430B /* AppObject.swift in Sources */,
				B3662AAD2846F89B00F8430B /* RestoreImage.Virtualization.swift in Sources */,
				B3662AB02846F95F00F8430B /* LocalImage.Virtualization.swift in Sources */,
				B38A5D1A284D799400427013 /* MachineNetwork.swift in Sources */,
				B3662AAC2846F89B00F8430B /* RemoteRestoreImageFetcher.swift in Sources */,
				B38A5D16284D799400427013 /* FileManager.swift in Sources */,
				B38A5D22284D7A1600427013 /* OperatingSystemVersion.swift in Sources */,
				B38A5D17284D799400427013 /* Machine.swift in Sources */,
				B38A5D1E284D799400427013 /* MachineSharedDirectory.swift in Sources */,
				B315106E2841127500299415 /* MainView.swift in Sources */,
				B38A5D15284D799400427013 /* VZVirtualMachineConfiguration.swift in Sources */,
				B34ABE9128443EFB00F22379 /* Downloader.swift in Sources */,
				B3662A952846EFD000F8430B /* ImagesView.swift in Sources */,
				B3CED9092848062A0072CACC /* RestoreImageView.swift in Sources */,
				B38A5D19284D799400427013 /* FileCreationError.swift in Sources */,
				B3662AA62846F89B00F8430B /* PreviewProvider.swift in Sources */,
				B3662AA52846F89B00F8430B /* RestoreImage.Combine.swift in Sources */,
				B3F9821328482E0C00EF5E29 /* MachineView.swift in Sources */,
				B3662AAA2846F89B00F8430B /* SHA256.swift in Sources */,
				B38A5D1C284D799400427013 /* MachineBuilder.swift in Sources */,
				B3BB2FAC283E7B3A00F3E336 /* BushelApp.swift in Sources */,
				B38A5D18284D799400427013 /* MachineBuilderRange.swift in Sources */,
				B38A5D14284D799400427013 /* VZMacPlatformConfiguration.swift in Sources */,
				B315D8362843D0310012628A /* ImageList.swift in Sources */,
				B38A5D1F284D799400427013 /* ClosedRange.swift in Sources */,
			);
			runOnlyForDeploymentPostprocessing = 0;
		};
/* End PBXSourcesBuildPhase section */

/* Begin XCBuildConfiguration section */
		B335192E2860FDFD00E2E10B /* Debug */ = {
			isa = XCBuildConfiguration;
			buildSettings = {
				ASSETCATALOG_COMPILER_APPICON_NAME = AppIcon;
				ASSETCATALOG_COMPILER_GLOBAL_ACCENT_COLOR_NAME = AccentColor;
				CODE_SIGN_ENTITLEMENTS = BshAppDelegate/BshAppDelegate.entitlements;
				CODE_SIGN_STYLE = Automatic;
				COMBINE_HIDPI_IMAGES = YES;
				CURRENT_PROJECT_VERSION = 1;
				DEVELOPMENT_TEAM = MLT7M394S7;
				ENABLE_HARDENED_RUNTIME = YES;
				GENERATE_INFOPLIST_FILE = YES;
				INFOPLIST_KEY_NSHumanReadableCopyright = "";
				INFOPLIST_KEY_NSPrincipalClass = NSApplication;
				LD_RUNPATH_SEARCH_PATHS = (
					"$(inherited)",
					"@executable_path/../Frameworks",
				);
				MARKETING_VERSION = 1.0;
				PRODUCT_BUNDLE_IDENTIFIER = com.brightdigit.BshAppDelegate;
				PRODUCT_NAME = "$(TARGET_NAME)";
				SWIFT_EMIT_LOC_STRINGS = YES;
				SWIFT_VERSION = 5.0;
			};
			name = Debug;
		};
		B335192F2860FDFD00E2E10B /* Release */ = {
			isa = XCBuildConfiguration;
			buildSettings = {
				ASSETCATALOG_COMPILER_APPICON_NAME = AppIcon;
				ASSETCATALOG_COMPILER_GLOBAL_ACCENT_COLOR_NAME = AccentColor;
				CODE_SIGN_ENTITLEMENTS = BshAppDelegate/BshAppDelegate.entitlements;
				CODE_SIGN_STYLE = Automatic;
				COMBINE_HIDPI_IMAGES = YES;
				CURRENT_PROJECT_VERSION = 1;
				DEVELOPMENT_TEAM = MLT7M394S7;
				ENABLE_HARDENED_RUNTIME = YES;
				GENERATE_INFOPLIST_FILE = YES;
				INFOPLIST_KEY_NSHumanReadableCopyright = "";
				INFOPLIST_KEY_NSPrincipalClass = NSApplication;
				LD_RUNPATH_SEARCH_PATHS = (
					"$(inherited)",
					"@executable_path/../Frameworks",
				);
				MARKETING_VERSION = 1.0;
				PRODUCT_BUNDLE_IDENTIFIER = com.brightdigit.BshAppDelegate;
				PRODUCT_NAME = "$(TARGET_NAME)";
				SWIFT_EMIT_LOC_STRINGS = YES;
				SWIFT_VERSION = 5.0;
			};
			name = Release;
		};
		B3BB2FB5283E7B3B00F3E336 /* Debug */ = {
			isa = XCBuildConfiguration;
			buildSettings = {
				ALWAYS_SEARCH_USER_PATHS = NO;
				CLANG_ANALYZER_NONNULL = YES;
				CLANG_ANALYZER_NUMBER_OBJECT_CONVERSION = YES_AGGRESSIVE;
				CLANG_CXX_LANGUAGE_STANDARD = "gnu++17";
				CLANG_ENABLE_MODULES = YES;
				CLANG_ENABLE_OBJC_ARC = YES;
				CLANG_ENABLE_OBJC_WEAK = YES;
				CLANG_WARN_BLOCK_CAPTURE_AUTORELEASING = YES;
				CLANG_WARN_BOOL_CONVERSION = YES;
				CLANG_WARN_COMMA = YES;
				CLANG_WARN_CONSTANT_CONVERSION = YES;
				CLANG_WARN_DEPRECATED_OBJC_IMPLEMENTATIONS = YES;
				CLANG_WARN_DIRECT_OBJC_ISA_USAGE = YES_ERROR;
				CLANG_WARN_DOCUMENTATION_COMMENTS = YES;
				CLANG_WARN_EMPTY_BODY = YES;
				CLANG_WARN_ENUM_CONVERSION = YES;
				CLANG_WARN_INFINITE_RECURSION = YES;
				CLANG_WARN_INT_CONVERSION = YES;
				CLANG_WARN_NON_LITERAL_NULL_CONVERSION = YES;
				CLANG_WARN_OBJC_IMPLICIT_RETAIN_SELF = YES;
				CLANG_WARN_OBJC_LITERAL_CONVERSION = YES;
				CLANG_WARN_OBJC_ROOT_CLASS = YES_ERROR;
				CLANG_WARN_QUOTED_INCLUDE_IN_FRAMEWORK_HEADER = YES;
				CLANG_WARN_RANGE_LOOP_ANALYSIS = YES;
				CLANG_WARN_STRICT_PROTOTYPES = YES;
				CLANG_WARN_SUSPICIOUS_MOVE = YES;
				CLANG_WARN_UNGUARDED_AVAILABILITY = YES_AGGRESSIVE;
				CLANG_WARN_UNREACHABLE_CODE = YES;
				CLANG_WARN__DUPLICATE_METHOD_MATCH = YES;
				COPY_PHASE_STRIP = NO;
				DEBUG_INFORMATION_FORMAT = dwarf;
				ENABLE_STRICT_OBJC_MSGSEND = YES;
				ENABLE_TESTABILITY = YES;
				GCC_C_LANGUAGE_STANDARD = gnu11;
				GCC_DYNAMIC_NO_PIC = NO;
				GCC_NO_COMMON_BLOCKS = YES;
				GCC_OPTIMIZATION_LEVEL = 0;
				GCC_PREPROCESSOR_DEFINITIONS = (
					"DEBUG=1",
					"$(inherited)",
				);
				GCC_WARN_64_TO_32_BIT_CONVERSION = YES;
				GCC_WARN_ABOUT_RETURN_TYPE = YES_ERROR;
				GCC_WARN_UNDECLARED_SELECTOR = YES;
				GCC_WARN_UNINITIALIZED_AUTOS = YES_AGGRESSIVE;
				GCC_WARN_UNUSED_FUNCTION = YES;
				GCC_WARN_UNUSED_VARIABLE = YES;
				MACOSX_DEPLOYMENT_TARGET = 12.3;
				MTL_ENABLE_DEBUG_INFO = INCLUDE_SOURCE;
				MTL_FAST_MATH = YES;
				ONLY_ACTIVE_ARCH = YES;
				SDKROOT = macosx;
				SWIFT_ACTIVE_COMPILATION_CONDITIONS = DEBUG;
				SWIFT_OPTIMIZATION_LEVEL = "-Onone";
			};
			name = Debug;
		};
		B3BB2FB6283E7B3B00F3E336 /* Release */ = {
			isa = XCBuildConfiguration;
			buildSettings = {
				ALWAYS_SEARCH_USER_PATHS = NO;
				CLANG_ANALYZER_NONNULL = YES;
				CLANG_ANALYZER_NUMBER_OBJECT_CONVERSION = YES_AGGRESSIVE;
				CLANG_CXX_LANGUAGE_STANDARD = "gnu++17";
				CLANG_ENABLE_MODULES = YES;
				CLANG_ENABLE_OBJC_ARC = YES;
				CLANG_ENABLE_OBJC_WEAK = YES;
				CLANG_WARN_BLOCK_CAPTURE_AUTORELEASING = YES;
				CLANG_WARN_BOOL_CONVERSION = YES;
				CLANG_WARN_COMMA = YES;
				CLANG_WARN_CONSTANT_CONVERSION = YES;
				CLANG_WARN_DEPRECATED_OBJC_IMPLEMENTATIONS = YES;
				CLANG_WARN_DIRECT_OBJC_ISA_USAGE = YES_ERROR;
				CLANG_WARN_DOCUMENTATION_COMMENTS = YES;
				CLANG_WARN_EMPTY_BODY = YES;
				CLANG_WARN_ENUM_CONVERSION = YES;
				CLANG_WARN_INFINITE_RECURSION = YES;
				CLANG_WARN_INT_CONVERSION = YES;
				CLANG_WARN_NON_LITERAL_NULL_CONVERSION = YES;
				CLANG_WARN_OBJC_IMPLICIT_RETAIN_SELF = YES;
				CLANG_WARN_OBJC_LITERAL_CONVERSION = YES;
				CLANG_WARN_OBJC_ROOT_CLASS = YES_ERROR;
				CLANG_WARN_QUOTED_INCLUDE_IN_FRAMEWORK_HEADER = YES;
				CLANG_WARN_RANGE_LOOP_ANALYSIS = YES;
				CLANG_WARN_STRICT_PROTOTYPES = YES;
				CLANG_WARN_SUSPICIOUS_MOVE = YES;
				CLANG_WARN_UNGUARDED_AVAILABILITY = YES_AGGRESSIVE;
				CLANG_WARN_UNREACHABLE_CODE = YES;
				CLANG_WARN__DUPLICATE_METHOD_MATCH = YES;
				COPY_PHASE_STRIP = NO;
				DEBUG_INFORMATION_FORMAT = "dwarf-with-dsym";
				ENABLE_NS_ASSERTIONS = NO;
				ENABLE_STRICT_OBJC_MSGSEND = YES;
				GCC_C_LANGUAGE_STANDARD = gnu11;
				GCC_NO_COMMON_BLOCKS = YES;
				GCC_WARN_64_TO_32_BIT_CONVERSION = YES;
				GCC_WARN_ABOUT_RETURN_TYPE = YES_ERROR;
				GCC_WARN_UNDECLARED_SELECTOR = YES;
				GCC_WARN_UNINITIALIZED_AUTOS = YES_AGGRESSIVE;
				GCC_WARN_UNUSED_FUNCTION = YES;
				GCC_WARN_UNUSED_VARIABLE = YES;
				MACOSX_DEPLOYMENT_TARGET = 12.3;
				MTL_ENABLE_DEBUG_INFO = NO;
				MTL_FAST_MATH = YES;
				SDKROOT = macosx;
				SWIFT_COMPILATION_MODE = wholemodule;
				SWIFT_OPTIMIZATION_LEVEL = "-O";
			};
			name = Release;
		};
		B3BB2FB8283E7B3B00F3E336 /* Debug */ = {
			isa = XCBuildConfiguration;
			buildSettings = {
				ASSETCATALOG_COMPILER_APPICON_NAME = AppIcon;
				ASSETCATALOG_COMPILER_GLOBAL_ACCENT_COLOR_NAME = AccentColor;
				CODE_SIGN_ENTITLEMENTS = Bushel/Bushel.entitlements;
				CODE_SIGN_STYLE = Automatic;
				COMBINE_HIDPI_IMAGES = YES;
				CURRENT_PROJECT_VERSION = 1;
				DEVELOPMENT_ASSET_PATHS = "\"Bushel/Preview Content\"";
				DEVELOPMENT_TEAM = MLT7M394S7;
				ENABLE_HARDENED_RUNTIME = YES;
				ENABLE_PREVIEWS = YES;
				GENERATE_INFOPLIST_FILE = YES;
				INFOPLIST_KEY_NSHumanReadableCopyright = "";
				LD_RUNPATH_SEARCH_PATHS = (
					"$(inherited)",
					"@executable_path/../Frameworks",
				);
				MARKETING_VERSION = 1.0;
				PRODUCT_BUNDLE_IDENTIFIER = com.brightdigit.Bushel;
				PRODUCT_NAME = "$(TARGET_NAME)";
				SWIFT_EMIT_LOC_STRINGS = YES;
				SWIFT_VERSION = 5.0;
			};
			name = Debug;
		};
		B3BB2FB9283E7B3B00F3E336 /* Release */ = {
			isa = XCBuildConfiguration;
			buildSettings = {
				ASSETCATALOG_COMPILER_APPICON_NAME = AppIcon;
				ASSETCATALOG_COMPILER_GLOBAL_ACCENT_COLOR_NAME = AccentColor;
				CODE_SIGN_ENTITLEMENTS = Bushel/Bushel.entitlements;
				CODE_SIGN_STYLE = Automatic;
				COMBINE_HIDPI_IMAGES = YES;
				CURRENT_PROJECT_VERSION = 1;
				DEVELOPMENT_ASSET_PATHS = "\"Bushel/Preview Content\"";
				DEVELOPMENT_TEAM = MLT7M394S7;
				ENABLE_HARDENED_RUNTIME = YES;
				ENABLE_PREVIEWS = YES;
				GENERATE_INFOPLIST_FILE = YES;
				INFOPLIST_KEY_NSHumanReadableCopyright = "";
				LD_RUNPATH_SEARCH_PATHS = (
					"$(inherited)",
					"@executable_path/../Frameworks",
				);
				MARKETING_VERSION = 1.0;
				PRODUCT_BUNDLE_IDENTIFIER = com.brightdigit.Bushel;
				PRODUCT_NAME = "$(TARGET_NAME)";
				SWIFT_EMIT_LOC_STRINGS = YES;
				SWIFT_VERSION = 5.0;
			};
			name = Release;
		};
/* End XCBuildConfiguration section */

/* Begin XCConfigurationList section */
		B33519342860FDFD00E2E10B /* Build configuration list for PBXNativeTarget "BshAppDelegate" */ = {
			isa = XCConfigurationList;
			buildConfigurations = (
				B335192E2860FDFD00E2E10B /* Debug */,
				B335192F2860FDFD00E2E10B /* Release */,
			);
			defaultConfigurationIsVisible = 0;
			defaultConfigurationName = Release;
		};
		B3BB2FA3283E7B3A00F3E336 /* Build configuration list for PBXProject "Bushel" */ = {
			isa = XCConfigurationList;
			buildConfigurations = (
				B3BB2FB5283E7B3B00F3E336 /* Debug */,
				B3BB2FB6283E7B3B00F3E336 /* Release */,
			);
			defaultConfigurationIsVisible = 0;
			defaultConfigurationName = Release;
		};
		B3BB2FB7283E7B3B00F3E336 /* Build configuration list for PBXNativeTarget "Bushel" */ = {
			isa = XCConfigurationList;
			buildConfigurations = (
				B3BB2FB8283E7B3B00F3E336 /* Debug */,
				B3BB2FB9283E7B3B00F3E336 /* Release */,
			);
			defaultConfigurationIsVisible = 0;
			defaultConfigurationName = Release;
		};
/* End XCConfigurationList section */
	};
	rootObject = B3BB2FA0283E7B3A00F3E336 /* Project object */;
}
